
Microsoft Visual Studio Solution File, Format Version 12.00
# Visual Studio 15
VisualStudioVersion = 15.0.28307.572
MinimumVisualStudioVersion = 10.0.40219.1
Project("{8BC9CEB8-8B4A-11D0-8D11-00A0C91BC942}") = "LicentaSA", "LicentaSA\LicentaSA.vcxproj", "{B31651E6-2501-4C39-A0CF-9E99E760A510}"
EndProject
Global
	GlobalSection(SolutionConfigurationPlatforms) = preSolution
		Debug|x64 = Debug|x64
		Debug|x86 = Debug|x86
		Release|x64 = Release|x64
		Release|x86 = Release|x86
	EndGlobalSection
	GlobalSection(ProjectConfigurationPlatforms) = postSolution
		{B31651E6-2501-4C39-A0CF-9E99E760A510}.Debug|x64.ActiveCfg = Debug|x64
		{B31651E6-2501-4C39-A0CF-9E99E760A510}.Debug|x64.Build.0 = Debug|x64
		{B31651E6-2501-4C39-A0CF-9E99E760A510}.Debug|x86.ActiveCfg = Debug|Win32
		{B31651E6-2501-4C39-A0CF-9E99E760A510}.Debug|x86.Build.0 = Debug|Win32
		{B31651E6-2501-4C39-A0CF-9E99E760A510}.Release|x64.ActiveCfg = Release|x64
		{B31651E6-2501-4C39-A0CF-9E99E760A510}.Release|x64.Build.0 = Release|x64
		{B31651E6-2501-4C39-A0CF-9E99E760A510}.Release|x86.ActiveCfg = Release|Win32
		{B31651E6-2501-4C39-A0CF-9E99E760A510}.Release|x86.Build.0 = Release|Win32
	EndGlobalSection
	GlobalSection(SolutionProperties) = preSolution
		HideSolutionNode = FALSE
	EndGlobalSection
	GlobalSection(ExtensibilityGlobals) = postSolution
		SolutionGuid = {E61AA168-7548-4718-9D18-C4CAFF3FE21D}
	EndGlobalSection
EndGlobal
